{
    "_meta": {
        "hash": {
            "sha256": "eb5fe2d2db43d517f34053113d8ad85a675c8ec995d81521b40478a5b7360128"
        },
        "pipfile-spec": 6,
        "requires": {
            "python_version": "2.7"
        },
        "sources": [
            {
                "name": "pypi",
                "url": "https://pypi.python.org/simple",
                "verify_ssl": true
            }
        ]
    },
    "default": {
        "click": {
            "hashes": [
                "sha256:29f99fc6125fbc931b758dc053b3114e55c77a6e4c6c3a2674a2dc986016381d",
                "sha256:f15516df478d5a56180fbf80e68f206010e6d160fc39fa508b65e035fd75130b"
            ],
            "index": "pypi",
            "version": "==6.7"
        },
        "colorama": {
            "hashes": [
                "sha256:a4c0f5bc358a62849653471e309dcc991223cf86abafbec17cd8f41327279e89",
                "sha256:e043c8d32527607223652021ff648fbb394d5e19cba9f1a698670b338c9d782b",
                "sha256:f4945bf52ae49da0728fe730a33c18744803752fc948f154f29dc0c4f9f2f9cc"
            ],
            "index": "pypi",
            "markers": "sys_platform == 'win32'",
            "version": "==0.3.7"
        },
        "flask": {
            "hashes": [
                "sha256:0749df235e3ff61ac108f69ac178c9770caeaccad2509cb762ce1f65570a8856",
                "sha256:49f44461237b69ecd901cc7ce66feea0319b9158743dd27a2899962ab214dac1"
            ],
            "index": "pypi",
            "version": "==0.12.2"
        },
        "gunicorn": {
            "hashes": [
                "sha256:75af03c99389535f218cc596c7de74df4763803f7b63eb09d77e92b3956b36c6",
                "sha256:eee1169f0ca667be05db3351a0960765620dad53f53434262ff8901b68a1b622"
            ],
            "index": "pypi",
            "version": "==19.7.1"
        },
        "httpie": {
            "hashes": [
                "sha256:f1202e6fa60367e2265284a53f35bfa5917119592c2ab08277efc7fffd744fcb",
                "sha256:ff90f500fb2a12a8b797e668de3f4f51978b5716ffd254acd5162fefb1dc026f"
            ],
            "index": "pypi",
            "version": "==0.9.9"
        },
        "itsdangerous": {
            "hashes": [
                "sha256:cbb3fcf8d3e33df861709ecaf89d9e6629cff0a217bc2848f1b41cd30d360519"
            ],
            "index": "pypi",
            "version": "==0.24"
        },
        "jinja2": {
            "hashes": [
                "sha256:74c935a1b8bb9a3947c50a54766a969d4846290e1e788ea44c1392163723c3bd",
                "sha256:f84be1bb0040caca4cea721fcbbbbd61f9be9464ca236387158b0feea01914a4"
            ],
            "index": "pypi",
            "version": "==2.10"
        },
        "markupsafe": {
            "hashes": [
                "sha256:a6be69091dac236ea9c6bc7d012beab42010fa914c459791d627dad4910eb665"
            ],
            "index": "pypi",
            "version": "==1.0"
        },
        "oauthlib": {
            "hashes": [
                "sha256:132ad46df25e53a84b33f1fd43f80e973cda2cb018cc0168d7d0c8c4d5cef9b5"
            ],
            "index": "pypi",
            "version": "==2.0.1"
        },
        "pygments": {
            "hashes": [
                "sha256:78f3f434bcc5d6ee09020f92ba487f95ba50f1e3ef83ae96b9d5ffa1bab25c5d",
                "sha256:dbae1046def0efb574852fab9e90209b23f556367b5a320c0bcb871c77c3e8cc"
            ],
            "index": "pypi",
            "version": "==2.2.0"
        },
        "pyodbc": {
            "hashes": [
                "sha256:001efc4b2ec687a03ed253b2b1fb82ab56737ebbe2129b0be8e9e1fc4dd91482",
                "sha256:25aa87a5fbb32aa51d8961e2ae758528714987e19cfc560280b8fbff1e514cfc",
                "sha256:4dca6918c77e9d83b2be2e42b7a5c5032addbab1a49b94f0651c2cf22d0328c0",
                "sha256:60d1a583d4e8d8d5eb82e37c87141ec0d78cd47706fefd1d7a31deac94107bf5",
                "sha256:6815359c88eaff2877650995eb1ab1eae3b0946ca334e2fc61591b7cc489e8a4",
                "sha256:70200edd4bfc914a8a2230367808febc3af37b0a92eeda32fdc95a40a4310efe",
                "sha256:7252ad7ca6a222e9abe8555101f3e5116f39a59c7b9e5b9ab536f8625f3ab5c1",
                "sha256:7c06df2c544cedfe22229ec1e82a37c815e807a505d6ebfa5633cca8307afada",
                "sha256:9f293b45afec027a9f70c04424bf3668eb939cfe772bdd2886e283bb4841b366",
                "sha256:df2dc0be5c14bd9a25bbd5875c3a7b72341b21aec68c5b4dbe41e3fcc5e0fe97",
                "sha256:e2d742b42c8b92b10018c51d673fe72d925ab90d4dbaaccd4f209e10e228ba73",
                "sha256:e3eeb1a4287c0b2e262efec955f16d95b8aef0d7f456cf802b2d902440f3e8c1",
                "sha256:ea440db8e3054434a5d2225357c90e79d84af0c92cbbf20558e6356d344c00a3"
            ],
            "index": "pypi",
            "version": "==4.0.22"
        },
        "requests": {
            "hashes": [
                "sha256:1a720e8862a41aa22e339373b526f508ef0c8988baf48b84d3fc891a8e237efb",
                "sha256:5722cd09762faa01276230270ff16af7acf7c5c45d623868d9ba116f15791ce8"
            ],
            "index": "pypi",
            "version": "==2.13.0"
        },
        "requests-oauthlib": {
            "hashes": [
                "sha256:50a8ae2ce8273e384895972b56193c7409601a66d4975774c60c2aed869639ca",
                "sha256:883ac416757eada6d3d07054ec7092ac21c7f35cb1d2cf82faf205637081f468"
            ],
            "index": "pypi",
            "version": "==0.8.0"
        },
        "selenium": {
            "hashes": [
                "sha256:a34a833d89bcfb463bfba5e5515a9276bb94221787b409f0ad28d2f91903e31d",
                "sha256:b0a06afa31a80d7dcb627eafb62776488b20bdaffcd807ac4158fadbc11061f4"
            ],
            "index": "pypi",
            "version": "==3.9.0"
        },
        "six": {
            "hashes": [
                "sha256:0ff78c403d9bccf5a425a6d31a12aa6b47f1c21ca4dc2573a7e2f32a97335eb1",
                "sha256:105f8d68616f8248e24bf0e9372ef04d3cc10104f1980f54d57b2ce73a5ad56a"
            ],
            "index": "pypi",
            "version": "==1.10.0"
        },
        "tweepy": {
            "hashes": [
                "sha256:12449b5ca16b0be6a3ea68fb41992627227b48bbad8cd7d5912039340d36badc",
                "sha256:f00ccf5f48c30d559ce0b750dfe3b2df6668dc799d8ce276fd90bfaa68845a58"
            ],
            "index": "pypi",
            "version": "==3.5.0"
        },
        "werkzeug": {
            "hashes": [
                "sha256:c3fd7a7d41976d9f44db327260e263132466836cef6f91512889ed60ad26557c",
                "sha256:d5da73735293558eb1651ee2fddc4d0dedcfa06538b8813a2e20011583c9e49b"
            ],
            "index": "pypi",
            "version": "==0.14.1"
        }
    },
    "develop": {}
}
